PODS:
  - BaseUiKit (1.0):
    - CommonUmbrella
  - CommonUmbrella (1.0)
  - DivKit (29.15.1):
    - DivKit_LayoutKit (= 29.15.1)
    - DivKit_Serialization (= 29.15.1)
    - VGSLCommonCore (~> 4.1)
    - VGSLNetworking (~> 4.1)
  - DivKit_LayoutKit (29.15.1):
    - DivKit_LayoutKitInterface (= 29.15.1)
    - VGSLCommonCore (~> 4.1)
    - VGSLNetworking (~> 4.1)
  - DivKit_LayoutKitInterface (29.15.1):
    - VGSLBase (~> 4.1)
    - VGSLBaseTiny (~> 4.1)
    - VGSLBaseUI (~> 4.1)
  - DivKit_Serialization (29.15.1):
    - VGSLCommonCore (~> 4.1)
  - DivkitCustomFeature (1.0):
    - BaseUiKit
    - CommonUmbrella
    - DivKit (= 29.15.1)
    - DivkitFeature
    - SearchFeature
  - DivkitFeature (1.0):
    - BaseUiKit
    - CommonUmbrella
    - DivKit (= 29.15.1)
  - SearchFeature (1.0):
    - BaseUiKit
    - CommonUmbrella
  - VGSL_Fundamentals (4.2.0):
    - VGSL_Fundamentals_Tiny (= 4.2.0)
  - VGSL_Fundamentals_Tiny (4.2.0)
  - VGSLBase (4.2.0):
    - VGSL_Fundamentals (= 4.2.0)
    - VGSLBaseTiny (= 4.2.0)
    - VGSLBaseUI (= 4.2.0)
  - VGSLBaseTiny (4.2.0):
    - VGSL_Fundamentals_Tiny (= 4.2.0)
  - VGSLBaseUI (4.2.0):
    - VGSLBaseTiny (= 4.2.0)
  - VGSLCommonCore (4.2.0):
    - VGSLBase (= 4.2.0)
  - VGSLNetworking (4.2.0):
    - VGSLBase (= 4.2.0)

DEPENDENCIES:
  - BaseUiKit (from `./Modules/BaseUiKit`)
  - CommonUmbrella (from `../../common/umbrella`)
  - DivkitCustomFeature (from `./Modules/DivkitCustomFeature`)
  - DivkitFeature (from `./Modules/DivkitFeature`)
  - SearchFeature (from `./Modules/SearchFeature`)

SPEC REPOS:
  trunk:
    - DivKit
    - DivKit_LayoutKit
    - DivKit_LayoutKitInterface
    - DivKit_Serialization
    - VGSL_Fundamentals
    - VGSL_Fundamentals_Tiny
    - VGSLBase
    - VGSLBaseTiny
    - VGSLBaseUI
    - VGSLCommonCore
    - VGSLNetworking

EXTERNAL SOURCES:
  BaseUiKit:
    :path: "./Modules/BaseUiKit"
  CommonUmbrella:
    :path: "../../common/umbrella"
  DivkitCustomFeature:
    :path: "./Modules/DivkitCustomFeature"
  DivkitFeature:
    :path: "./Modules/DivkitFeature"
  SearchFeature:
    :path: "./Modules/SearchFeature"

SPEC CHECKSUMS:
  BaseUiKit: 8c8528ca1cd0af873de9eb1a8f6cd95a90ff5910
  CommonUmbrella: cb3f24333904baac166b4671af2c52fcfae5fc13
  DivKit: 96a1189bbb1286544119551819db721237edc49a
  DivKit_LayoutKit: d8cd3826a2d004b159517d514e1580467f89efc3
  DivKit_LayoutKitInterface: 805245d61e6525632171de529592afb880692cae
  DivKit_Serialization: 3921944d94687b824d79bad54ae9811326fc36ca
  DivkitCustomFeature: 526a9a9beaa92df8f434707ddb303b3a7f5b0bd5
  DivkitFeature: 8317f72015cb2f411347548077a07e5b4c416e4c
  SearchFeature: 65365584c871e59b3e9bb8581ef4eef69de7d5c4
  VGSL_Fundamentals: 5967995b1ff711ef1fdd459bd07d0b2890478e5c
  VGSL_Fundamentals_Tiny: 37acd9341007d21a4d6a3b07e74803c3ed8410eb
  VGSLBase: 1142504ccd655d0e0cf89691df47e780f633d25a
  VGSLBaseTiny: 43fe5f51ecac7bc41a66c6c25f06256a3106e390
  VGSLBaseUI: aac2f8706940763e672d83d96ff2666643b14ef1
  VGSLCommonCore: 36d3b0cd249a982961bddbc9682286654e4b66c8
  VGSLNetworking: 1852dcdd30783aecdf83c57a5cb9ba7fab86b86b

PODFILE CHECKSUM: 3da1e529fed348f03b4a890203f086cac17594a4

COCOAPODS: 1.11.3
