PODS:
  - CommonUmbrella (1.0)

DEPENDENCIES:
  - CommonUmbrella (from `../../common/umbrella`)

EXTERNAL SOURCES:
  CommonUmbrella:
    :path: "../../common/umbrella"

SPEC CHECKSUMS:
  CommonUmbrella: cb3f24333904baac166b4671af2c52fcfae5fc13

PODFILE CHECKSUM: df10c3513630a348921a8618b4f4d3155016ffcf

COCOAPODS: 1.11.3
