// !$*UTF8*$!
{
	archiveVersion = 1;
	classes = {
	};
	objectVersion = 56;
	objects = {

/* Begin PBXBuildFile section */
		CC26EBC42BEFEEE000C17F0F /* DivPatchProviderImpl.swift in Sources */ = {isa = PBXBuildFile; fileRef = CC26EBC32BEFEEE000C17F0F /* DivPatchProviderImpl.swift */; };
		CCADDB682BE7DF99007C25E7 /* AppDelegate.swift in Sources */ = {isa = PBXBuildFile; fileRef = CCADDB672BE7DF99007C25E7 /* AppDelegate.swift */; };
		CCADDB6A2BE7DF99007C25E7 /* SceneDelegate.swift in Sources */ = {isa = PBXBuildFile; fileRef = CCADDB692BE7DF99007C25E7 /* SceneDelegate.swift */; };
		CCADDB6C2BE7DF99007C25E7 /* MainViewController.swift in Sources */ = {isa = PBXBuildFile; fileRef = CCADDB6B2BE7DF99007C25E7 /* MainViewController.swift */; };
		CCADDB712BE7DF9B007C25E7 /* Assets.xcassets in Resources */ = {isa = PBXBuildFile; fileRef = CCADDB702BE7DF9B007C25E7 /* Assets.xcassets */; };
		CCBC21E62BEE8DEC00C2FF25 /* DivkitFeature.podspec in Resources */ = {isa = PBXBuildFile; fileRef = CCBC21E42BEE8DEC00C2FF25 /* DivkitFeature.podspec */; };
		CCBC22DC2BEE922F00C2FF25 /* DivkitViewController.swift in Sources */ = {isa = PBXBuildFile; fileRef = CCBC22DB2BEE922F00C2FF25 /* DivkitViewController.swift */; };
		CCBC22E02BEE926100C2FF25 /* DivDataParser.swift in Sources */ = {isa = PBXBuildFile; fileRef = CCBC22DF2BEE926100C2FF25 /* DivDataParser.swift */; };
		CCBC22E22BEE929200C2FF25 /* DivKitComponentsFactory.swift in Sources */ = {isa = PBXBuildFile; fileRef = CCBC22E12BEE929200C2FF25 /* DivKitComponentsFactory.swift */; };
		CCBC22E42BEE92E400C2FF25 /* IosDivkitViewArgs.swift in Sources */ = {isa = PBXBuildFile; fileRef = CCBC22E32BEE92E400C2FF25 /* IosDivkitViewArgs.swift */; };
		CCBC22E62BEE92F800C2FF25 /* DivkitModule.swift in Sources */ = {isa = PBXBuildFile; fileRef = CCBC22E52BEE92F800C2FF25 /* DivkitModule.swift */; };
		CCF22FDE2BEAA6E0007ACA8D /* common in Resources */ = {isa = PBXBuildFile; fileRef = CCF22FDD2BEAA6E0007ACA8D /* common */; };
		CCF22FE02BEAA722007ACA8D /* base in Resources */ = {isa = PBXBuildFile; fileRef = CCF22FDF2BEAA722007ACA8D /* base */; };
		CCF22FE62BEAA813007ACA8D /* BaseUiKit.podspec in Resources */ = {isa = PBXBuildFile; fileRef = CCF22FE42BEAA813007ACA8D /* BaseUiKit.podspec */; };
		CCF22FF12BEAA8B1007ACA8D /* MvpViewController.swift in Sources */ = {isa = PBXBuildFile; fileRef = CCF22FF02BEAA8B1007ACA8D /* MvpViewController.swift */; };
		D3D2E34F80BF4F540F9A1EDE /* libPods-News.a in Frameworks */ = {isa = PBXBuildFile; fileRef = 72E13208ECCDCDFAAA62F423 /* libPods-News.a */; };
/* End PBXBuildFile section */

/* Begin PBXFileReference section */
		72E13208ECCDCDFAAA62F423 /* libPods-News.a */ = {isa = PBXFileReference; explicitFileType = archive.ar; includeInIndex = 0; path = "libPods-News.a"; sourceTree = BUILT_PRODUCTS_DIR; };
		9F568953FB26BEF4008EF6CE /* Pods-News.debug.xcconfig */ = {isa = PBXFileReference; includeInIndex = 1; lastKnownFileType = text.xcconfig; name = "Pods-News.debug.xcconfig"; path = "Target Support Files/Pods-News/Pods-News.debug.xcconfig"; sourceTree = "<group>"; };
		CC26EBC32BEFEEE000C17F0F /* DivPatchProviderImpl.swift */ = {isa = PBXFileReference; lastKnownFileType = sourcecode.swift; path = DivPatchProviderImpl.swift; sourceTree = "<group>"; };
		CCADDB642BE7DF99007C25E7 /* News.app */ = {isa = PBXFileReference; explicitFileType = wrapper.application; includeInIndex = 0; path = News.app; sourceTree = BUILT_PRODUCTS_DIR; };
		CCADDB672BE7DF99007C25E7 /* AppDelegate.swift */ = {isa = PBXFileReference; lastKnownFileType = sourcecode.swift; path = AppDelegate.swift; sourceTree = "<group>"; };
		CCADDB692BE7DF99007C25E7 /* SceneDelegate.swift */ = {isa = PBXFileReference; lastKnownFileType = sourcecode.swift; path = SceneDelegate.swift; sourceTree = "<group>"; };
		CCADDB6B2BE7DF99007C25E7 /* MainViewController.swift */ = {isa = PBXFileReference; lastKnownFileType = sourcecode.swift; path = MainViewController.swift; sourceTree = "<group>"; };
		CCADDB702BE7DF9B007C25E7 /* Assets.xcassets */ = {isa = PBXFileReference; lastKnownFileType = folder.assetcatalog; path = Assets.xcassets; sourceTree = "<group>"; };
		CCADDB752BE7DF9B007C25E7 /* Info.plist */ = {isa = PBXFileReference; lastKnownFileType = text.plist.xml; path = Info.plist; sourceTree = "<group>"; };
		CCBC21E42BEE8DEC00C2FF25 /* DivkitFeature.podspec */ = {isa = PBXFileReference; fileEncoding = 4; lastKnownFileType = text; path = DivkitFeature.podspec; sourceTree = "<group>"; };
		CCBC22DB2BEE922F00C2FF25 /* DivkitViewController.swift */ = {isa = PBXFileReference; lastKnownFileType = sourcecode.swift; path = DivkitViewController.swift; sourceTree = "<group>"; };
		CCBC22DF2BEE926100C2FF25 /* DivDataParser.swift */ = {isa = PBXFileReference; lastKnownFileType = sourcecode.swift; path = DivDataParser.swift; sourceTree = "<group>"; };
		CCBC22E12BEE929200C2FF25 /* DivKitComponentsFactory.swift */ = {isa = PBXFileReference; lastKnownFileType = sourcecode.swift; path = DivKitComponentsFactory.swift; sourceTree = "<group>"; };
		CCBC22E32BEE92E400C2FF25 /* IosDivkitViewArgs.swift */ = {isa = PBXFileReference; lastKnownFileType = sourcecode.swift; path = IosDivkitViewArgs.swift; sourceTree = "<group>"; };
		CCBC22E52BEE92F800C2FF25 /* DivkitModule.swift */ = {isa = PBXFileReference; lastKnownFileType = sourcecode.swift; path = DivkitModule.swift; sourceTree = "<group>"; };
		CCF22FDD2BEAA6E0007ACA8D /* common */ = {isa = PBXFileReference; lastKnownFileType = folder; name = common; path = ../../../common; sourceTree = "<group>"; };
		CCF22FDF2BEAA722007ACA8D /* base */ = {isa = PBXFileReference; lastKnownFileType = folder; name = base; path = ../../../base; sourceTree = "<group>"; };
		CCF22FE42BEAA813007ACA8D /* BaseUiKit.podspec */ = {isa = PBXFileReference; fileEncoding = 4; lastKnownFileType = text; path = BaseUiKit.podspec; sourceTree = "<group>"; };
		CCF22FF02BEAA8B1007ACA8D /* MvpViewController.swift */ = {isa = PBXFileReference; lastKnownFileType = sourcecode.swift; path = MvpViewController.swift; sourceTree = "<group>"; };
		E885F7368984545E2216F70F /* Pods-News.release.xcconfig */ = {isa = PBXFileReference; includeInIndex = 1; lastKnownFileType = text.xcconfig; name = "Pods-News.release.xcconfig"; path = "Target Support Files/Pods-News/Pods-News.release.xcconfig"; sourceTree = "<group>"; };
/* End PBXFileReference section */

/* Begin PBXFrameworksBuildPhase section */
		CCADDB612BE7DF99007C25E7 /* Frameworks */ = {
			isa = PBXFrameworksBuildPhase;
			buildActionMask = 2147483647;
			files = (
				D3D2E34F80BF4F540F9A1EDE /* libPods-News.a in Frameworks */,
			);
			runOnlyForDeploymentPostprocessing = 0;
		};
/* End PBXFrameworksBuildPhase section */

/* Begin PBXGroup section */
		C9CD7EDA5B0890A78F15D91F /* Frameworks */ = {
			isa = PBXGroup;
			children = (
				72E13208ECCDCDFAAA62F423 /* libPods-News.a */,
			);
			name = Frameworks;
			sourceTree = "<group>";
		};
		CCADDB5B2BE7DF99007C25E7 = {
			isa = PBXGroup;
			children = (
				CCF22FE12BEAA736007ACA8D /* Modules */,
				CCF22FDC2BEAA69A007ACA8D /* CommonUmbrella */,
				CCADDB662BE7DF99007C25E7 /* News */,
				CCADDB652BE7DF99007C25E7 /* Products */,
				CDFC98A13784264FA7FAF969 /* Pods */,
				C9CD7EDA5B0890A78F15D91F /* Frameworks */,
			);
			sourceTree = "<group>";
		};
		CCADDB652BE7DF99007C25E7 /* Products */ = {
			isa = PBXGroup;
			children = (
				CCADDB642BE7DF99007C25E7 /* News.app */,
			);
			name = Products;
			sourceTree = "<group>";
		};
		CCADDB662BE7DF99007C25E7 /* News */ = {
			isa = PBXGroup;
			children = (
				CCADDB672BE7DF99007C25E7 /* AppDelegate.swift */,
				CCADDB692BE7DF99007C25E7 /* SceneDelegate.swift */,
				CCADDB6B2BE7DF99007C25E7 /* MainViewController.swift */,
				CCADDB702BE7DF9B007C25E7 /* Assets.xcassets */,
				CCADDB752BE7DF9B007C25E7 /* Info.plist */,
			);
			path = News;
			sourceTree = "<group>";
		};
		CCBC21E32BEE8DEC00C2FF25 /* Sources */ = {
			isa = PBXGroup;
			children = (
				CCBC22DB2BEE922F00C2FF25 /* DivkitViewController.swift */,
				CCBC22DF2BEE926100C2FF25 /* DivDataParser.swift */,
				CCBC22E12BEE929200C2FF25 /* DivKitComponentsFactory.swift */,
				CCBC22E32BEE92E400C2FF25 /* IosDivkitViewArgs.swift */,
				CCBC22E52BEE92F800C2FF25 /* DivkitModule.swift */,
				CC26EBC32BEFEEE000C17F0F /* DivPatchProviderImpl.swift */,
			);
			path = Sources;
			sourceTree = "<group>";
		};
		CCBC21E52BEE8DEC00C2FF25 /* DivkitFeature */ = {
			isa = PBXGroup;
			children = (
				CCBC21E32BEE8DEC00C2FF25 /* Sources */,
				CCBC21E42BEE8DEC00C2FF25 /* DivkitFeature.podspec */,
			);
			path = DivkitFeature;
			sourceTree = "<group>";
		};
		CCF22FDC2BEAA69A007ACA8D /* CommonUmbrella */ = {
			isa = PBXGroup;
			children = (
				CCF22FDF2BEAA722007ACA8D /* base */,
				CCF22FDD2BEAA6E0007ACA8D /* common */,
			);
			path = CommonUmbrella;
			sourceTree = "<group>";
		};
		CCF22FE12BEAA736007ACA8D /* Modules */ = {
			isa = PBXGroup;
			children = (
				CCBC21E52BEE8DEC00C2FF25 /* DivkitFeature */,
				CCF22FE22BEAA746007ACA8D /* BaseUiKit */,
			);
			path = Modules;
			sourceTree = "<group>";
		};
		CCF22FE22BEAA746007ACA8D /* BaseUiKit */ = {
			isa = PBXGroup;
			children = (
				CCF22FE82BEAA85C007ACA8D /* Sources */,
				CCF22FE42BEAA813007ACA8D /* BaseUiKit.podspec */,
			);
			path = BaseUiKit;
			sourceTree = "<group>";
		};
		CCF22FE82BEAA85C007ACA8D /* Sources */ = {
			isa = PBXGroup;
			children = (
				CCF22FE92BEAA869007ACA8D /* Mvp */,
			);
			path = Sources;
			sourceTree = "<group>";
		};
		CCF22FE92BEAA869007ACA8D /* Mvp */ = {
			isa = PBXGroup;
			children = (
				CCF22FF02BEAA8B1007ACA8D /* MvpViewController.swift */,
			);
			path = Mvp;
			sourceTree = "<group>";
		};
		CDFC98A13784264FA7FAF969 /* Pods */ = {
			isa = PBXGroup;
			children = (
				9F568953FB26BEF4008EF6CE /* Pods-News.debug.xcconfig */,
				E885F7368984545E2216F70F /* Pods-News.release.xcconfig */,
			);
			path = Pods;
			sourceTree = "<group>";
		};
/* End PBXGroup section */

/* Begin PBXNativeTarget section */
		CCADDB632BE7DF99007C25E7 /* News */ = {
			isa = PBXNativeTarget;
			buildConfigurationList = CCADDB782BE7DF9B007C25E7 /* Build configuration list for PBXNativeTarget "News" */;
			buildPhases = (
				ED8F2219B66B7C2150F646C1 /* [CP] Check Pods Manifest.lock */,
				CCADDB602BE7DF99007C25E7 /* Sources */,
				CCADDB612BE7DF99007C25E7 /* Frameworks */,
				CCADDB622BE7DF99007C25E7 /* Resources */,
				9B18E05DF2893A814AFA5280 /* [CP] Copy Pods Resources */,
			);
			buildRules = (
			);
			dependencies = (
			);
			name = News;
			productName = News;
			productReference = CCADDB642BE7DF99007C25E7 /* News.app */;
			productType = "com.apple.product-type.application";
		};
/* End PBXNativeTarget section */

/* Begin PBXProject section */
		CCADDB5C2BE7DF99007C25E7 /* Project object */ = {
			isa = PBXProject;
			attributes = {
				BuildIndependentTargetsInParallel = 1;
				LastSwiftUpdateCheck = 1530;
				LastUpgradeCheck = 1530;
				TargetAttributes = {
					CCADDB632BE7DF99007C25E7 = {
						CreatedOnToolsVersion = 15.3;
					};
				};
			};
			buildConfigurationList = CCADDB5F2BE7DF99007C25E7 /* Build configuration list for PBXProject "News" */;
			compatibilityVersion = "Xcode 14.0";
			developmentRegion = en;
			hasScannedForEncodings = 0;
			knownRegions = (
				en,
				Base,
			);
			mainGroup = CCADDB5B2BE7DF99007C25E7;
			productRefGroup = CCADDB652BE7DF99007C25E7 /* Products */;
			projectDirPath = "";
			projectRoot = "";
			targets = (
				CCADDB632BE7DF99007C25E7 /* News */,
			);
		};
/* End PBXProject section */

/* Begin PBXResourcesBuildPhase section */
		CCADDB622BE7DF99007C25E7 /* Resources */ = {
			isa = PBXResourcesBuildPhase;
			buildActionMask = 2147483647;
			files = (
				CCF22FE02BEAA722007ACA8D /* base in Resources */,
				CCADDB712BE7DF9B007C25E7 /* Assets.xcassets in Resources */,
				CCBC21E62BEE8DEC00C2FF25 /* DivkitFeature.podspec in Resources */,
				CCF22FDE2BEAA6E0007ACA8D /* common in Resources */,
				CCF22FE62BEAA813007ACA8D /* BaseUiKit.podspec in Resources */,
			);
			runOnlyForDeploymentPostprocessing = 0;
		};
/* End PBXResourcesBuildPhase section */

/* Begin PBXShellScriptBuildPhase section */
		9B18E05DF2893A814AFA5280 /* [CP] Copy Pods Resources */ = {
			isa = PBXShellScriptBuildPhase;
			buildActionMask = 2147483647;
			files = (
			);
			inputFileListPaths = (
				"${PODS_ROOT}/Target Support Files/Pods-News/Pods-News-resources-${CONFIGURATION}-input-files.xcfilelist",
			);
			name = "[CP] Copy Pods Resources";
			outputFileListPaths = (
				"${PODS_ROOT}/Target Support Files/Pods-News/Pods-News-resources-${CONFIGURATION}-output-files.xcfilelist",
			);
			runOnlyForDeploymentPostprocessing = 0;
			shellPath = /bin/sh;
			shellScript = "\"${PODS_ROOT}/Target Support Files/Pods-News/Pods-News-resources.sh\"\n";
			showEnvVarsInLog = 0;
		};
		ED8F2219B66B7C2150F646C1 /* [CP] Check Pods Manifest.lock */ = {
			isa = PBXShellScriptBuildPhase;
			buildActionMask = 2147483647;
			files = (
			);
			inputFileListPaths = (
			);
			inputPaths = (
				"${PODS_PODFILE_DIR_PATH}/Podfile.lock",
				"${PODS_ROOT}/Manifest.lock",
			);
			name = "[CP] Check Pods Manifest.lock";
			outputFileListPaths = (
			);
			outputPaths = (
				"$(DERIVED_FILE_DIR)/Pods-News-checkManifestLockResult.txt",
			);
			runOnlyForDeploymentPostprocessing = 0;
			shellPath = /bin/sh;
			shellScript = "diff \"${PODS_PODFILE_DIR_PATH}/Podfile.lock\" \"${PODS_ROOT}/Manifest.lock\" > /dev/null\nif [ $? != 0 ] ; then\n    # print error to STDERR\n    echo \"error: The sandbox is not in sync with the Podfile.lock. Run 'pod install' or update your CocoaPods installation.\" >&2\n    exit 1\nfi\n# This output is used by Xcode 'outputs' to avoid re-running this script phase.\necho \"SUCCESS\" > \"${SCRIPT_OUTPUT_FILE_0}\"\n";
			showEnvVarsInLog = 0;
		};
/* End PBXShellScriptBuildPhase section */

/* Begin PBXSourcesBuildPhase section */
		CCADDB602BE7DF99007C25E7 /* Sources */ = {
			isa = PBXSourcesBuildPhase;
			buildActionMask = 2147483647;
			files = (
				CCBC22E42BEE92E400C2FF25 /* IosDivkitViewArgs.swift in Sources */,
				CC26EBC42BEFEEE000C17F0F /* DivPatchProviderImpl.swift in Sources */,
				CCF22FF12BEAA8B1007ACA8D /* MvpViewController.swift in Sources */,
				CCBC22DC2BEE922F00C2FF25 /* DivkitViewController.swift in Sources */,
				CCBC22E22BEE929200C2FF25 /* DivKitComponentsFactory.swift in Sources */,
				CCBC22E62BEE92F800C2FF25 /* DivkitModule.swift in Sources */,
				CCBC22E02BEE926100C2FF25 /* DivDataParser.swift in Sources */,
				CCADDB6C2BE7DF99007C25E7 /* MainViewController.swift in Sources */,
				CCADDB682BE7DF99007C25E7 /* AppDelegate.swift in Sources */,
				CCADDB6A2BE7DF99007C25E7 /* SceneDelegate.swift in Sources */,
			);
			runOnlyForDeploymentPostprocessing = 0;
		};
/* End PBXSourcesBuildPhase section */

/* Begin XCBuildConfiguration section */
		CCADDB762BE7DF9B007C25E7 /* Debug */ = {
			isa = XCBuildConfiguration;
			buildSettings = {
				ALWAYS_SEARCH_USER_PATHS = NO;
				ASSETCATALOG_COMPILER_GENERATE_SWIFT_ASSET_SYMBOL_EXTENSIONS = YES;
				CLANG_ANALYZER_NONNULL = YES;
				CLANG_ANALYZER_NUMBER_OBJECT_CONVERSION = YES_AGGRESSIVE;
				CLANG_CXX_LANGUAGE_STANDARD = "gnu++20";
				CLANG_ENABLE_MODULES = YES;
				CLANG_ENABLE_OBJC_ARC = YES;
				CLANG_ENABLE_OBJC_WEAK = YES;
				CLANG_WARN_BLOCK_CAPTURE_AUTORELEASING = YES;
				CLANG_WARN_BOOL_CONVERSION = YES;
				CLANG_WARN_COMMA = YES;
				CLANG_WARN_CONSTANT_CONVERSION = YES;
				CLANG_WARN_DEPRECATED_OBJC_IMPLEMENTATIONS = YES;
				CLANG_WARN_DIRECT_OBJC_ISA_USAGE = YES_ERROR;
				CLANG_WARN_DOCUMENTATION_COMMENTS = YES;
				CLANG_WARN_EMPTY_BODY = YES;
				CLANG_WARN_ENUM_CONVERSION = YES;
				CLANG_WARN_INFINITE_RECURSION = YES;
				CLANG_WARN_INT_CONVERSION = YES;
				CLANG_WARN_NON_LITERAL_NULL_CONVERSION = YES;
				CLANG_WARN_OBJC_IMPLICIT_RETAIN_SELF = YES;
				CLANG_WARN_OBJC_LITERAL_CONVERSION = YES;
				CLANG_WARN_OBJC_ROOT_CLASS = YES_ERROR;
				CLANG_WARN_QUOTED_INCLUDE_IN_FRAMEWORK_HEADER = YES;
				CLANG_WARN_RANGE_LOOP_ANALYSIS = YES;
				CLANG_WARN_STRICT_PROTOTYPES = YES;
				CLANG_WARN_SUSPICIOUS_MOVE = YES;
				CLANG_WARN_UNGUARDED_AVAILABILITY = YES_AGGRESSIVE;
				CLANG_WARN_UNREACHABLE_CODE = YES;
				CLANG_WARN__DUPLICATE_METHOD_MATCH = YES;
				COPY_PHASE_STRIP = NO;
				DEBUG_INFORMATION_FORMAT = dwarf;
				ENABLE_STRICT_OBJC_MSGSEND = YES;
				ENABLE_TESTABILITY = YES;
				ENABLE_USER_SCRIPT_SANDBOXING = YES;
				GCC_C_LANGUAGE_STANDARD = gnu17;
				GCC_DYNAMIC_NO_PIC = NO;
				GCC_NO_COMMON_BLOCKS = YES;
				GCC_OPTIMIZATION_LEVEL = 0;
				GCC_PREPROCESSOR_DEFINITIONS = (
					"DEBUG=1",
					"$(inherited)",
				);
				GCC_WARN_64_TO_32_BIT_CONVERSION = YES;
				GCC_WARN_ABOUT_RETURN_TYPE = YES_ERROR;
				GCC_WARN_UNDECLARED_SELECTOR = YES;
				GCC_WARN_UNINITIALIZED_AUTOS = YES_AGGRESSIVE;
				GCC_WARN_UNUSED_FUNCTION = YES;
				GCC_WARN_UNUSED_VARIABLE = YES;
				IPHONEOS_DEPLOYMENT_TARGET = 17.4;
				LOCALIZATION_PREFERS_STRING_CATALOGS = YES;
				MTL_ENABLE_DEBUG_INFO = INCLUDE_SOURCE;
				MTL_FAST_MATH = YES;
				ONLY_ACTIVE_ARCH = YES;
				SDKROOT = iphoneos;
				SWIFT_ACTIVE_COMPILATION_CONDITIONS = "DEBUG $(inherited)";
				SWIFT_OPTIMIZATION_LEVEL = "-Onone";
			};
			name = Debug;
		};
		CCADDB772BE7DF9B007C25E7 /* Release */ = {
			isa = XCBuildConfiguration;
			buildSettings = {
				ALWAYS_SEARCH_USER_PATHS = NO;
				ASSETCATALOG_COMPILER_GENERATE_SWIFT_ASSET_SYMBOL_EXTENSIONS = YES;
				CLANG_ANALYZER_NONNULL = YES;
				CLANG_ANALYZER_NUMBER_OBJECT_CONVERSION = YES_AGGRESSIVE;
				CLANG_CXX_LANGUAGE_STANDARD = "gnu++20";
				CLANG_ENABLE_MODULES = YES;
				CLANG_ENABLE_OBJC_ARC = YES;
				CLANG_ENABLE_OBJC_WEAK = YES;
				CLANG_WARN_BLOCK_CAPTURE_AUTORELEASING = YES;
				CLANG_WARN_BOOL_CONVERSION = YES;
				CLANG_WARN_COMMA = YES;
				CLANG_WARN_CONSTANT_CONVERSION = YES;
				CLANG_WARN_DEPRECATED_OBJC_IMPLEMENTATIONS = YES;
				CLANG_WARN_DIRECT_OBJC_ISA_USAGE = YES_ERROR;
				CLANG_WARN_DOCUMENTATION_COMMENTS = YES;
				CLANG_WARN_EMPTY_BODY = YES;
				CLANG_WARN_ENUM_CONVERSION = YES;
				CLANG_WARN_INFINITE_RECURSION = YES;
				CLANG_WARN_INT_CONVERSION = YES;
				CLANG_WARN_NON_LITERAL_NULL_CONVERSION = YES;
				CLANG_WARN_OBJC_IMPLICIT_RETAIN_SELF = YES;
				CLANG_WARN_OBJC_LITERAL_CONVERSION = YES;
				CLANG_WARN_OBJC_ROOT_CLASS = YES_ERROR;
				CLANG_WARN_QUOTED_INCLUDE_IN_FRAMEWORK_HEADER = YES;
				CLANG_WARN_RANGE_LOOP_ANALYSIS = YES;
				CLANG_WARN_STRICT_PROTOTYPES = YES;
				CLANG_WARN_SUSPICIOUS_MOVE = YES;
				CLANG_WARN_UNGUARDED_AVAILABILITY = YES_AGGRESSIVE;
				CLANG_WARN_UNREACHABLE_CODE = YES;
				CLANG_WARN__DUPLICATE_METHOD_MATCH = YES;
				COPY_PHASE_STRIP = NO;
				DEBUG_INFORMATION_FORMAT = "dwarf-with-dsym";
				ENABLE_NS_ASSERTIONS = NO;
				ENABLE_STRICT_OBJC_MSGSEND = YES;
				ENABLE_USER_SCRIPT_SANDBOXING = YES;
				GCC_C_LANGUAGE_STANDARD = gnu17;
				GCC_NO_COMMON_BLOCKS = YES;
				GCC_WARN_64_TO_32_BIT_CONVERSION = YES;
				GCC_WARN_ABOUT_RETURN_TYPE = YES_ERROR;
				GCC_WARN_UNDECLARED_SELECTOR = YES;
				GCC_WARN_UNINITIALIZED_AUTOS = YES_AGGRESSIVE;
				GCC_WARN_UNUSED_FUNCTION = YES;
				GCC_WARN_UNUSED_VARIABLE = YES;
				IPHONEOS_DEPLOYMENT_TARGET = 17.4;
				LOCALIZATION_PREFERS_STRING_CATALOGS = YES;
				MTL_ENABLE_DEBUG_INFO = NO;
				MTL_FAST_MATH = YES;
				SDKROOT = iphoneos;
				SWIFT_COMPILATION_MODE = wholemodule;
				VALIDATE_PRODUCT = YES;
			};
			name = Release;
		};
		CCADDB792BE7DF9B007C25E7 /* Debug */ = {
			isa = XCBuildConfiguration;
			baseConfigurationReference = 9F568953FB26BEF4008EF6CE /* Pods-News.debug.xcconfig */;
			buildSettings = {
				ASSETCATALOG_COMPILER_APPICON_NAME = AppIcon;
				ASSETCATALOG_COMPILER_GLOBAL_ACCENT_COLOR_NAME = AccentColor;
				CODE_SIGN_STYLE = Automatic;
				CURRENT_PROJECT_VERSION = 1;
				DEVELOPMENT_TEAM = 7JCTFR9C8T;
				ENABLE_USER_SCRIPT_SANDBOXING = NO;
				GENERATE_INFOPLIST_FILE = YES;
				INFOPLIST_FILE = News/Info.plist;
				INFOPLIST_KEY_UIApplicationSupportsIndirectInputEvents = YES;
				INFOPLIST_KEY_UILaunchStoryboardName = "";
				INFOPLIST_KEY_UIMainStoryboardFile = "";
				INFOPLIST_KEY_UISupportedInterfaceOrientations_iPad = "UIInterfaceOrientationPortrait UIInterfaceOrientationPortraitUpsideDown UIInterfaceOrientationLandscapeLeft UIInterfaceOrientationLandscapeRight";
				INFOPLIST_KEY_UISupportedInterfaceOrientations_iPhone = "UIInterfaceOrientationPortrait UIInterfaceOrientationLandscapeLeft UIInterfaceOrientationLandscapeRight";
				LD_RUNPATH_SEARCH_PATHS = (
					"$(inherited)",
					"@executable_path/Frameworks",
				);
				MARKETING_VERSION = 1.0;
				PRODUCT_BUNDLE_IDENTIFIER = ru.pyroman.News;
				PRODUCT_NAME = "$(TARGET_NAME)";
				SWIFT_EMIT_LOC_STRINGS = YES;
				SWIFT_VERSION = 5.0;
				TARGETED_DEVICE_FAMILY = "1,2";
			};
			name = Debug;
		};
		CCADDB7A2BE7DF9B007C25E7 /* Release */ = {
			isa = XCBuildConfiguration;
			baseConfigurationReference = E885F7368984545E2216F70F /* Pods-News.release.xcconfig */;
			buildSettings = {
				ASSETCATALOG_COMPILER_APPICON_NAME = AppIcon;
				ASSETCATALOG_COMPILER_GLOBAL_ACCENT_COLOR_NAME = AccentColor;
				CODE_SIGN_STYLE = Automatic;
				CURRENT_PROJECT_VERSION = 1;
				DEVELOPMENT_TEAM = 7JCTFR9C8T;
				ENABLE_USER_SCRIPT_SANDBOXING = NO;
				GENERATE_INFOPLIST_FILE = YES;
				INFOPLIST_FILE = News/Info.plist;
				INFOPLIST_KEY_UIApplicationSupportsIndirectInputEvents = YES;
				INFOPLIST_KEY_UILaunchStoryboardName = "";
				INFOPLIST_KEY_UIMainStoryboardFile = "";
				INFOPLIST_KEY_UISupportedInterfaceOrientations_iPad = "UIInterfaceOrientationPortrait UIInterfaceOrientationPortraitUpsideDown UIInterfaceOrientationLandscapeLeft UIInterfaceOrientationLandscapeRight";
				INFOPLIST_KEY_UISupportedInterfaceOrientations_iPhone = "UIInterfaceOrientationPortrait UIInterfaceOrientationLandscapeLeft UIInterfaceOrientationLandscapeRight";
				LD_RUNPATH_SEARCH_PATHS = (
					"$(inherited)",
					"@executable_path/Frameworks",
				);
				MARKETING_VERSION = 1.0;
				PRODUCT_BUNDLE_IDENTIFIER = ru.pyroman.News;
				PRODUCT_NAME = "$(TARGET_NAME)";
				SWIFT_EMIT_LOC_STRINGS = YES;
				SWIFT_VERSION = 5.0;
				TARGETED_DEVICE_FAMILY = "1,2";
			};
			name = Release;
		};
/* End XCBuildConfiguration section */

/* Begin XCConfigurationList section */
		CCADDB5F2BE7DF99007C25E7 /* Build configuration list for PBXProject "News" */ = {
			isa = XCConfigurationList;
			buildConfigurations = (
				CCADDB762BE7DF9B007C25E7 /* Debug */,
				CCADDB772BE7DF9B007C25E7 /* Release */,
			);
			defaultConfigurationIsVisible = 0;
			defaultConfigurationName = Release;
		};
		CCADDB782BE7DF9B007C25E7 /* Build configuration list for PBXNativeTarget "News" */ = {
			isa = XCConfigurationList;
			buildConfigurations = (
				CCADDB792BE7DF9B007C25E7 /* Debug */,
				CCADDB7A2BE7DF9B007C25E7 /* Release */,
			);
			defaultConfigurationIsVisible = 0;
			defaultConfigurationName = Release;
		};
/* End XCConfigurationList section */
	};
	rootObject = CCADDB5C2BE7DF99007C25E7 /* Project object */;
}
